<?xml version="1.0" encoding="utf-8"?>
<Project ToolsVersion="4.0" xmlns="http://schemas.microsoft.com/developer/msbuild/2003">
  <ItemGroup>
    <Filter Include="Shaders">
      <UniqueIdentifier>{2990c479-39da-4cf3-a034-c6d85a2ffaa3}</UniqueIdentifier>
    </Filter>
    <Filter Include="Libraries">
      <UniqueIdentifier>{bf06b94d-d7a7-4a08-aaf8-fcb97128e95a}</UniqueIdentifier>
    </Filter>
    <Filter Include="Libraries\Imgui">
      <UniqueIdentifier>{ccdcd365-7bb4-4e13-b331-54a58b7cd593}</UniqueIdentifier>
    </Filter>
    <Filter Include="Util">
      <UniqueIdentifier>{78c931c8-f1a3-40ec-aef2-623626aad439}</UniqueIdentifier>
    </Filter>
    <Filter Include="Core">
      <UniqueIdentifier>{a467ab5c-90b2-4f59-8bd9-2f39daed491f}</UniqueIdentifier>
    </Filter>
    <Filter Include="Materials">
      <UniqueIdentifier>{d510d544-0635-4659-83ea-d90875930f6f}</UniqueIdentifier>
    </Filter>
    <Filter Include="Managers">
      <UniqueIdentifier>{90abf51e-4711-4618-80e7-513ea621b16e}</UniqueIdentifier>
    </Filter>
    <Filter Include="Lights">
      <UniqueIdentifier>{53047e29-7473-4af5-812b-647ce946ce98}</UniqueIdentifier>
    </Filter>
    <Filter Include="Textures">
      <UniqueIdentifier>{52c424cd-ceef-4fdc-98ec-b46efb2236e2}</UniqueIdentifier>
    </Filter>
  </ItemGroup>
  <ItemGroup>
    <ClCompile Include="main.cpp" />
    <ClCompile Include="Libraries\Imgui\imgui_impl_glfw.cpp">
      <Filter>Libraries\Imgui</Filter>
    </ClCompile>
    <ClCompile Include="Libraries\Imgui\imgui_impl_opengl3.cpp">
      <Filter>Libraries\Imgui</Filter>
    </ClCompile>
    <ClCompile Include="Libraries\Imgui\imgui_widgets.cpp">
      <Filter>Libraries\Imgui</Filter>
    </ClCompile>
    <ClCompile Include="Libraries\Imgui\imgui.cpp">
      <Filter>Libraries\Imgui</Filter>
    </ClCompile>
    <ClCompile Include="Libraries\Imgui\imgui_demo.cpp">
      <Filter>Libraries\Imgui</Filter>
    </ClCompile>
    <ClCompile Include="Libraries\Imgui\imgui_draw.cpp">
      <Filter>Libraries\Imgui</Filter>
    </ClCompile>
    <ClCompile Include="Core\Mesh.cpp">
      <Filter>Core</Filter>
    </ClCompile>
    <ClCompile Include="Core\Renderer.cpp">
      <Filter>Core</Filter>
    </ClCompile>
    <ClCompile Include="Core\Camera.cpp">
      <Filter>Core</Filter>
    </ClCompile>
    <ClCompile Include="Util\MeshLoader.cpp">
      <Filter>Util</Filter>
    </ClCompile>
    <ClCompile Include="Util\ShaderLoader.cpp">
      <Filter>Util</Filter>
    </ClCompile>
    <ClCompile Include="Util\TextureLoader.cpp">
      <Filter>Util</Filter>
    </ClCompile>
    <ClCompile Include="Materials\Phong.cpp">
      <Filter>Materials</Filter>
    </ClCompile>
    <ClCompile Include="Core\Material.cpp">
      <Filter>Core</Filter>
    </ClCompile>
    <ClCompile Include="Managers\GLFWManager.cpp">
      <Filter>Managers</Filter>
    </ClCompile>
    <ClCompile Include="Libraries\Imgui\imgui_custom.cpp">
      <Filter>Libraries\Imgui</Filter>
    </ClCompile>
    <ClCompile Include="Core\Texture.cpp">
      <Filter>Core</Filter>
    </ClCompile>
    <ClCompile Include="Lights\PointLight.cpp">
      <Filter>Lights</Filter>
    </ClCompile>
    <ClCompile Include="Materials\CubeMap.cpp">
      <Filter>Materials</Filter>
    </ClCompile>
    <ClCompile Include="Textures\CubeMapTexture.cpp">
      <Filter>Textures</Filter>
    </ClCompile>
    <ClCompile Include="Lights\DirectionalLight.cpp">
      <Filter>Lights</Filter>
    </ClCompile>
    <ClCompile Include="Libraries\Imgui\imfilebrowser.cpp">
      <Filter>Libraries\Imgui</Filter>
    </ClCompile>
    <ClCompile Include="Materials\PBR.cpp">
      <Filter>Materials</Filter>
    </ClCompile>
    <ClCompile Include="Core\Light.cpp">
      <Filter>Core</Filter>
    </ClCompile>
    <ClCompile Include="Managers\TextureManager.cpp">
      <Filter>Managers</Filter>
    </ClCompile>
    <ClCompile Include="Managers\MaterialManager.cpp">
      <Filter>Managers</Filter>
    </ClCompile>
    <ClCompile Include="Core\FrameBuffer.cpp">
      <Filter>Core</Filter>
    </ClCompile>
    <ClCompile Include="Util\DrawHelper.cpp">
      <Filter>Util</Filter>
    </ClCompile>
    <ClCompile Include="Materials\CubeMapCapture.cpp">
      <Filter>Materials</Filter>
    </ClCompile>
    <ClCompile Include="Materials\BRDFMapCapture.cpp">
      <Filter>Materials</Filter>
    </ClCompile>
  </ItemGroup>
  <ItemGroup>
    <None Include="Shaders\phong_vert.glsl">
      <Filter>Shaders</Filter>
    </None>
    <None Include="Shaders\phong_lights.cgin">
      <Filter>Shaders</Filter>
    </None>
    <None Include="Shaders\cubeMap_frag.glsl">
      <Filter>Shaders</Filter>
    </None>
    <None Include="Shaders\cubeMap_vert.glsl">
      <Filter>Shaders</Filter>
    </None>
    <None Include="Shaders\common.cgin">
      <Filter>Shaders</Filter>
    </None>
    <None Include="Shaders\pbr.cgin">
      <Filter>Shaders</Filter>
    </None>
    <None Include="Shaders\phong_frag.glsl">
      <Filter>Shaders</Filter>
    </None>
    <None Include="Shaders\pbr_frag.glsl">
      <Filter>Shaders</Filter>
    </None>
    <None Include="Shaders\pbr_vert.glsl">
      <Filter>Shaders</Filter>
    </None>
    <None Include="Shaders\captureIrradianceMap_frag.glsl">
      <Filter>Shaders</Filter>
    </None>
    <None Include="Shaders\captureIrradianceMap_vert.glsl">
      <Filter>Shaders</Filter>
    </None>
    <None Include="Shaders\capturePreFilterSpecularMap_frag.glsl">
      <Filter>Shaders</Filter>
    </None>
    <None Include="Shaders\capturePreFilterSpecularMap_vert.glsl">
      <Filter>Shaders</Filter>
    </None>
    <None Include="Shaders\captureBRDFSpecularMap_frag.glsl">
      <Filter>Shaders</Filter>
    </None>
    <None Include="Shaders\captureBRDFSpecularMap_vert.glsl">
      <Filter>Shaders</Filter>
    </None>
    <None Include="Shaders\pbr_NDF.cgin">
      <Filter>Shaders</Filter>
    </None>
    <None Include="Shaders\pbr_G.cgin">
      <Filter>Shaders</Filter>
    </None>
    <None Include="Shaders\pbr_F.cgin">
      <Filter>Shaders</Filter>
    </None>
  </ItemGroup>
  <ItemGroup>
    <ClInclude Include="Core\Camera.h">
      <Filter>Core</Filter>
    </ClInclude>
    <ClInclude Include="Core\Mesh.h">
      <Filter>Core</Filter>
    </ClInclude>
    <ClInclude Include="Core\Renderer.h">
      <Filter>Core</Filter>
    </ClInclude>
    <ClInclude Include="Util\MeshLoader.h">
      <Filter>Util</Filter>
    </ClInclude>
    <ClInclude Include="Util\ShaderLoader.h">
      <Filter>Util</Filter>
    </ClInclude>
    <ClInclude Include="Util\TextureLoader.h">
      <Filter>Util</Filter>
    </ClInclude>
    <ClInclude Include="Core\Material.h">
      <Filter>Core</Filter>
    </ClInclude>
    <ClInclude Include="Materials\Phong.h">
      <Filter>Materials</Filter>
    </ClInclude>
    <ClInclude Include="Core\SingletonManager.h">
      <Filter>Core</Filter>
    </ClInclude>
    <ClInclude Include="Managers\GLFWManager.h">
      <Filter>Managers</Filter>
    </ClInclude>
    <ClInclude Include="Managers\MaterialManager.h">
      <Filter>Managers</Filter>
    </ClInclude>
    <ClInclude Include="Core\Texture.h">
      <Filter>Core</Filter>
    </ClInclude>
    <ClInclude Include="Core\Light.h">
      <Filter>Core</Filter>
    </ClInclude>
    <ClInclude Include="Lights\PointLight.h">
      <Filter>Lights</Filter>
    </ClInclude>
    <ClInclude Include="Lights\DirectionalLight.h">
      <Filter>Lights</Filter>
    </ClInclude>
    <ClInclude Include="Textures\CubeMapTexture.h">
      <Filter>Textures</Filter>
    </ClInclude>
    <ClInclude Include="Materials\CubeMap.h">
      <Filter>Materials</Filter>
    </ClInclude>
    <ClInclude Include="Materials\PBR.h">
      <Filter>Materials</Filter>
    </ClInclude>
    <ClInclude Include="Managers\TextureManager.h">
      <Filter>Managers</Filter>
    </ClInclude>
    <ClInclude Include="Core\FrameBuffer.h">
      <Filter>Core</Filter>
    </ClInclude>
    <ClInclude Include="Util\DrawHelper.h">
      <Filter>Util</Filter>
    </ClInclude>
    <ClInclude Include="Materials\CubeMapCapture.h">
      <Filter>Materials</Filter>
    </ClInclude>
    <ClInclude Include="Materials\BRDFMapCapture.h">
      <Filter>Materials</Filter>
    </ClInclude>
  </ItemGroup>
</Project>